
Microsoft Visual Studio Solution File, Format Version 12.00
# Visual Studio Version 16
VisualStudioVersion = 16.0.31205.134
MinimumVisualStudioVersion = 10.0.40219.1
Project("{FAE04EC0-301F-11D3-BF4B-00C04F79EFBC}") = "LINQ Practice", "LINQ Practice\LINQ Practice.csproj", "{DA1053DC-AD16-4AD3-82B0-952F083CB1FD}"
EndProject
Global
	GlobalSection(SolutionConfigurationPlatforms) = preSolution
		Debug|Any CPU = Debug|Any CPU
		Release|Any CPU = Release|Any CPU
	EndGlobalSection
	GlobalSection(ProjectConfigurationPlatforms) = postSolution
		{DA1053DC-AD16-4AD3-82B0-952F083CB1FD}.Debug|Any CPU.ActiveCfg = Debug|Any CPU
		{DA1053DC-AD16-4AD3-82B0-952F083CB1FD}.Debug|Any CPU.Build.0 = Debug|Any CPU
		{DA1053DC-AD16-4AD3-82B0-952F083CB1FD}.Release|Any CPU.ActiveCfg = Release|Any CPU
		{DA1053DC-AD16-4AD3-82B0-952F083CB1FD}.Release|Any CPU.Build.0 = Release|Any CPU
	EndGlobalSection
	GlobalSection(SolutionProperties) = preSolution
		HideSolutionNode = FALSE
	EndGlobalSection
	GlobalSection(ExtensibilityGlobals) = postSolution
		SolutionGuid = {686BCC38-57BB-4ED2-9A6C-F0CA49EDA5C4}
	EndGlobalSection
EndGlobal
